// !$*UTF8*$!
{
	archiveVersion = 1;
	classes = {
	};
	objectVersion = 46;
	objects = {

/* Begin PBXBuildFile section */
		2832710E19A18A0E00F47973 /* Foundation.framework in Frameworks */ = {isa = PBXBuildFile; fileRef = 2832710D19A18A0E00F47973 /* Foundation.framework */; };
		2832711019A18A0E00F47973 /* CoreGraphics.framework in Frameworks */ = {isa = PBXBuildFile; fileRef = 2832710F19A18A0E00F47973 /* CoreGraphics.framework */; };
		2832711219A18A0E00F47973 /* UIKit.framework in Frameworks */ = {isa = PBXBuildFile; fileRef = 2832711119A18A0E00F47973 /* UIKit.framework */; };
		2832711819A18A0E00F47973 /* InfoPlist.strings in Resources */ = {isa = PBXBuildFile; fileRef = 2832711619A18A0E00F47973 /* InfoPlist.strings */; };
		2832711A19A18A0E00F47973 /* main.m in Sources */ = {isa = PBXBuildFile; fileRef = 2832711919A18A0E00F47973 /* main.m */; };
		2832711E19A18A0E00F47973 /* AppDelegate.m in Sources */ = {isa = PBXBuildFile; fileRef = 2832711D19A18A0E00F47973 /* AppDelegate.m */; };
		2832712119A18A0E00F47973 /* Main.storyboard in Resources */ = {isa = PBXBuildFile; fileRef = 2832711F19A18A0E00F47973 /* Main.storyboard */; };
		2832712419A18A0E00F47973 /* ViewController.m in Sources */ = {isa = PBXBuildFile; fileRef = 2832712319A18A0E00F47973 /* ViewController.m */; };
		2832712619A18A0E00F47973 /* Images.xcassets in Resources */ = {isa = PBXBuildFile; fileRef = 2832712519A18A0E00F47973 /* Images.xcassets */; };
		2832712D19A18A0E00F47973 /* XCTest.framework in Frameworks */ = {isa = PBXBuildFile; fileRef = 2832712C19A18A0E00F47973 /* XCTest.framework */; };
		2832712E19A18A0E00F47973 /* Foundation.framework in Frameworks */ = {isa = PBXBuildFile; fileRef = 2832710D19A18A0E00F47973 /* Foundation.framework */; };
		2832712F19A18A0E00F47973 /* UIKit.framework in Frameworks */ = {isa = PBXBuildFile; fileRef = 2832711119A18A0E00F47973 /* UIKit.framework */; };
		2832713719A18A0E00F47973 /* InfoPlist.strings in Resources */ = {isa = PBXBuildFile; fileRef = 2832713519A18A0E00F47973 /* InfoPlist.strings */; };
		2832713919A18A0E00F47973 /* popAndLockTests.m in Sources */ = {isa = PBXBuildFile; fileRef = 2832713819A18A0E00F47973 /* popAndLockTests.m */; };
		2832714319A18A1800F47973 /* Podfile in Resources */ = {isa = PBXBuildFile; fileRef = 2832714219A18A1800F47973 /* Podfile */; };
		9A9C017E2F834A8BB4850E5A /* libPods.a in Frameworks */ = {isa = PBXBuildFile; fileRef = 5FDCCAEE1E254B0090778D6B /* libPods.a */; };
/* End PBXBuildFile section */

/* Begin PBXContainerItemProxy section */
		2832713019A18A0E00F47973 /* PBXContainerItemProxy */ = {
			isa = PBXContainerItemProxy;
			containerPortal = 2832710219A18A0E00F47973 /* Project object */;
			proxyType = 1;
			remoteGlobalIDString = 2832710919A18A0E00F47973;
			remoteInfo = popAndLock;
		};
/* End PBXContainerItemProxy section */

/* Begin PBXFileReference section */
		0B8EDFB7070F4950B6FCB459 /* Pods.xcconfig */ = {isa = PBXFileReference; includeInIndex = 1; lastKnownFileType = text.xcconfig; name = Pods.xcconfig; path = Pods/Pods.xcconfig; sourceTree = "<group>"; };
		2832710A19A18A0E00F47973 /* popAndLock.app */ = {isa = PBXFileReference; explicitFileType = wrapper.application; includeInIndex = 0; path = popAndLock.app; sourceTree = BUILT_PRODUCTS_DIR; };
		2832710D19A18A0E00F47973 /* Foundation.framework */ = {isa = PBXFileReference; lastKnownFileType = wrapper.framework; name = Foundation.framework; path = System/Library/Frameworks/Foundation.framework; sourceTree = SDKROOT; };
		2832710F19A18A0E00F47973 /* CoreGraphics.framework */ = {isa = PBXFileReference; lastKnownFileType = wrapper.framework; name = CoreGraphics.framework; path = System/Library/Frameworks/CoreGraphics.framework; sourceTree = SDKROOT; };
		2832711119A18A0E00F47973 /* UIKit.framework */ = {isa = PBXFileReference; lastKnownFileType = wrapper.framework; name = UIKit.framework; path = System/Library/Frameworks/UIKit.framework; sourceTree = SDKROOT; };
		2832711519A18A0E00F47973 /* popAndLock-Info.plist */ = {isa = PBXFileReference; lastKnownFileType = text.plist.xml; path = "popAndLock-Info.plist"; sourceTree = "<group>"; };
		2832711719A18A0E00F47973 /* en */ = {isa = PBXFileReference; lastKnownFileType = text.plist.strings; name = en; path = en.lproj/InfoPlist.strings; sourceTree = "<group>"; };
		2832711919A18A0E00F47973 /* main.m */ = {isa = PBXFileReference; lastKnownFileType = sourcecode.c.objc; path = main.m; sourceTree = "<group>"; };
		2832711B19A18A0E00F47973 /* popAndLock-Prefix.pch */ = {isa = PBXFileReference; lastKnownFileType = sourcecode.c.h; path = "popAndLock-Prefix.pch"; sourceTree = "<group>"; };
		2832711C19A18A0E00F47973 /* AppDelegate.h */ = {isa = PBXFileReference; lastKnownFileType = sourcecode.c.h; path = AppDelegate.h; sourceTree = "<group>"; };
		2832711D19A18A0E00F47973 /* AppDelegate.m */ = {isa = PBXFileReference; lastKnownFileType = sourcecode.c.objc; path = AppDelegate.m; sourceTree = "<group>"; };
		2832712019A18A0E00F47973 /* Base */ = {isa = PBXFileReference; lastKnownFileType = file.storyboard; name = Base; path = Base.lproj/Main.storyboard; sourceTree = "<group>"; };
		2832712219A18A0E00F47973 /* ViewController.h */ = {isa = PBXFileReference; lastKnownFileType = sourcecode.c.h; path = ViewController.h; sourceTree = "<group>"; };
		2832712319A18A0E00F47973 /* ViewController.m */ = {isa = PBXFileReference; lastKnownFileType = sourcecode.c.objc; path = ViewController.m; sourceTree = "<group>"; };
		2832712519A18A0E00F47973 /* Images.xcassets */ = {isa = PBXFileReference; lastKnownFileType = folder.assetcatalog; path = Images.xcassets; sourceTree = "<group>"; };
		2832712B19A18A0E00F47973 /* popAndLockTests.xctest */ = {isa = PBXFileReference; explicitFileType = wrapper.cfbundle; includeInIndex = 0; path = popAndLockTests.xctest; sourceTree = BUILT_PRODUCTS_DIR; };
		2832712C19A18A0E00F47973 /* XCTest.framework */ = {isa = PBXFileReference; lastKnownFileType = wrapper.framework; name = XCTest.framework; path = Library/Frameworks/XCTest.framework; sourceTree = DEVELOPER_DIR; };
		2832713419A18A0E00F47973 /* popAndLockTests-Info.plist */ = {isa = PBXFileReference; lastKnownFileType = text.plist.xml; path = "popAndLockTests-Info.plist"; sourceTree = "<group>"; };
		2832713619A18A0E00F47973 /* en */ = {isa = PBXFileReference; lastKnownFileType = text.plist.strings; name = en; path = en.lproj/InfoPlist.strings; sourceTree = "<group>"; };
		2832713819A18A0E00F47973 /* popAndLockTests.m */ = {isa = PBXFileReference; lastKnownFileType = sourcecode.c.objc; path = popAndLockTests.m; sourceTree = "<group>"; };
		2832714219A18A1800F47973 /* Podfile */ = {isa = PBXFileReference; fileEncoding = 4; lastKnownFileType = text; path = Podfile; sourceTree = "<group>"; };
		5FDCCAEE1E254B0090778D6B /* libPods.a */ = {isa = PBXFileReference; explicitFileType = archive.ar; includeInIndex = 0; path = libPods.a; sourceTree = BUILT_PRODUCTS_DIR; };
/* End PBXFileReference section */

/* Begin PBXFrameworksBuildPhase section */
		2832710719A18A0E00F47973 /* Frameworks */ = {
			isa = PBXFrameworksBuildPhase;
			buildActionMask = 2147483647;
			files = (
				2832711019A18A0E00F47973 /* CoreGraphics.framework in Frameworks */,
				2832711219A18A0E00F47973 /* UIKit.framework in Frameworks */,
				2832710E19A18A0E00F47973 /* Foundation.framework in Frameworks */,
				9A9C017E2F834A8BB4850E5A /* libPods.a in Frameworks */,
			);
			runOnlyForDeploymentPostprocessing = 0;
		};
		2832712819A18A0E00F47973 /* Frameworks */ = {
			isa = PBXFrameworksBuildPhase;
			buildActionMask = 2147483647;
			files = (
				2832712D19A18A0E00F47973 /* XCTest.framework in Frameworks */,
				2832712F19A18A0E00F47973 /* UIKit.framework in Frameworks */,
				2832712E19A18A0E00F47973 /* Foundation.framework in Frameworks */,
			);
			runOnlyForDeploymentPostprocessing = 0;
		};
/* End PBXFrameworksBuildPhase section */

/* Begin PBXGroup section */
		2832710119A18A0E00F47973 = {
			isa = PBXGroup;
			children = (
				2832714219A18A1800F47973 /* Podfile */,
				2832711319A18A0E00F47973 /* popAndLock */,
				2832713219A18A0E00F47973 /* popAndLockTests */,
				2832710C19A18A0E00F47973 /* Frameworks */,
				2832710B19A18A0E00F47973 /* Products */,
				0B8EDFB7070F4950B6FCB459 /* Pods.xcconfig */,
			);
			sourceTree = "<group>";
		};
		2832710B19A18A0E00F47973 /* Products */ = {
			isa = PBXGroup;
			children = (
				2832710A19A18A0E00F47973 /* popAndLock.app */,
				2832712B19A18A0E00F47973 /* popAndLockTests.xctest */,
			);
			name = Products;
			sourceTree = "<group>";
		};
		2832710C19A18A0E00F47973 /* Frameworks */ = {
			isa = PBXGroup;
			children = (
				2832710D19A18A0E00F47973 /* Foundation.framework */,
				2832710F19A18A0E00F47973 /* CoreGraphics.framework */,
				2832711119A18A0E00F47973 /* UIKit.framework */,
				2832712C19A18A0E00F47973 /* XCTest.framework */,
				5FDCCAEE1E254B0090778D6B /* libPods.a */,
			);
			name = Frameworks;
			sourceTree = "<group>";
		};
		2832711319A18A0E00F47973 /* popAndLock */ = {
			isa = PBXGroup;
			children = (
				2832711C19A18A0E00F47973 /* AppDelegate.h */,
				2832711D19A18A0E00F47973 /* AppDelegate.m */,
				2832711F19A18A0E00F47973 /* Main.storyboard */,
				2832712219A18A0E00F47973 /* ViewController.h */,
				2832712319A18A0E00F47973 /* ViewController.m */,
				2832712519A18A0E00F47973 /* Images.xcassets */,
				2832711419A18A0E00F47973 /* Supporting Files */,
			);
			path = popAndLock;
			sourceTree = "<group>";
		};
		2832711419A18A0E00F47973 /* Supporting Files */ = {
			isa = PBXGroup;
			children = (
				2832711519A18A0E00F47973 /* popAndLock-Info.plist */,
				2832711619A18A0E00F47973 /* InfoPlist.strings */,
				2832711919A18A0E00F47973 /* main.m */,
				2832711B19A18A0E00F47973 /* popAndLock-Prefix.pch */,
			);
			name = "Supporting Files";
			sourceTree = "<group>";
		};
		2832713219A18A0E00F47973 /* popAndLockTests */ = {
			isa = PBXGroup;
			children = (
				2832713819A18A0E00F47973 /* popAndLockTests.m */,
				2832713319A18A0E00F47973 /* Supporting Files */,
			);
			path = popAndLockTests;
			sourceTree = "<group>";
		};
		2832713319A18A0E00F47973 /* Supporting Files */ = {
			isa = PBXGroup;
			children = (
				2832713419A18A0E00F47973 /* popAndLockTests-Info.plist */,
				2832713519A18A0E00F47973 /* InfoPlist.strings */,
			);
			name = "Supporting Files";
			sourceTree = "<group>";
		};
/* End PBXGroup section */

/* Begin PBXNativeTarget section */
		2832710919A18A0E00F47973 /* popAndLock */ = {
			isa = PBXNativeTarget;
			buildConfigurationList = 2832713C19A18A0E00F47973 /* Build configuration list for PBXNativeTarget "popAndLock" */;
			buildPhases = (
				5C541805C1074D93859E634B /* Check Pods Manifest.lock */,
				2832710619A18A0E00F47973 /* Sources */,
				2832710719A18A0E00F47973 /* Frameworks */,
				2832710819A18A0E00F47973 /* Resources */,
				175AD966D94C4F2E8FC47866 /* Copy Pods Resources */,
			);
			buildRules = (
			);
			dependencies = (
			);
			name = popAndLock;
			productName = popAndLock;
			productReference = 2832710A19A18A0E00F47973 /* popAndLock.app */;
			productType = "com.apple.product-type.application";
		};
		2832712A19A18A0E00F47973 /* popAndLockTests */ = {
			isa = PBXNativeTarget;
			buildConfigurationList = 2832713F19A18A0E00F47973 /* Build configuration list for PBXNativeTarget "popAndLockTests" */;
			buildPhases = (
				2832712719A18A0E00F47973 /* Sources */,
				2832712819A18A0E00F47973 /* Frameworks */,
				2832712919A18A0E00F47973 /* Resources */,
			);
			buildRules = (
			);
			dependencies = (
				2832713119A18A0E00F47973 /* PBXTargetDependency */,
			);
			name = popAndLockTests;
			productName = popAndLockTests;
			productReference = 2832712B19A18A0E00F47973 /* popAndLockTests.xctest */;
			productType = "com.apple.product-type.bundle.unit-test";
		};
/* End PBXNativeTarget section */

/* Begin PBXProject section */
		2832710219A18A0E00F47973 /* Project object */ = {
			isa = PBXProject;
			attributes = {
				LastUpgradeCheck = 0510;
				ORGANIZATIONNAME = EnterWithBoldness;
				TargetAttributes = {
					2832712A19A18A0E00F47973 = {
						TestTargetID = 2832710919A18A0E00F47973;
					};
				};
			};
			buildConfigurationList = 2832710519A18A0E00F47973 /* Build configuration list for PBXProject "popAndLock" */;
			compatibilityVersion = "Xcode 3.2";
			developmentRegion = English;
			hasScannedForEncodings = 0;
			knownRegions = (
				en,
				Base,
			);
			mainGroup = 2832710119A18A0E00F47973;
			productRefGroup = 2832710B19A18A0E00F47973 /* Products */;
			projectDirPath = "";
			projectRoot = "";
			targets = (
				2832710919A18A0E00F47973 /* popAndLock */,
				2832712A19A18A0E00F47973 /* popAndLockTests */,
			);
		};
/* End PBXProject section */

/* Begin PBXResourcesBuildPhase section */
		2832710819A18A0E00F47973 /* Resources */ = {
			isa = PBXResourcesBuildPhase;
			buildActionMask = 2147483647;
			files = (
				2832712619A18A0E00F47973 /* Images.xcassets in Resources */,
				2832711819A18A0E00F47973 /* InfoPlist.strings in Resources */,
				2832714319A18A1800F47973 /* Podfile in Resources */,
				2832712119A18A0E00F47973 /* Main.storyboard in Resources */,
			);
			runOnlyForDeploymentPostprocessing = 0;
		};
		2832712919A18A0E00F47973 /* Resources */ = {
			isa = PBXResourcesBuildPhase;
			buildActionMask = 2147483647;
			files = (
				2832713719A18A0E00F47973 /* InfoPlist.strings in Resources */,
			);
			runOnlyForDeploymentPostprocessing = 0;
		};
/* End PBXResourcesBuildPhase section */

/* Begin PBXShellScriptBuildPhase section */
		175AD966D94C4F2E8FC47866 /* Copy Pods Resources */ = {
			isa = PBXShellScriptBuildPhase;
			buildActionMask = 2147483647;
			files = (
			);
			inputPaths = (
			);
			name = "Copy Pods Resources";
			outputPaths = (
			);
			runOnlyForDeploymentPostprocessing = 0;
			shellPath = /bin/sh;
			shellScript = "\"${SRCROOT}/Pods/Pods-resources.sh\"\n";
			showEnvVarsInLog = 0;
		};
		5C541805C1074D93859E634B /* Check Pods Manifest.lock */ = {
			isa = PBXShellScriptBuildPhase;
			buildActionMask = 2147483647;
			files = (
			);
			inputPaths = (
			);
			name = "Check Pods Manifest.lock";
			outputPaths = (
			);
			runOnlyForDeploymentPostprocessing = 0;
			shellPath = /bin/sh;
			shellScript = "diff \"${PODS_ROOT}/../Podfile.lock\" \"${PODS_ROOT}/Manifest.lock\" > /dev/null\nif [[ $? != 0 ]] ; then\n    cat << EOM\nerror: The sandbox is not in sync with the Podfile.lock. Run 'pod install' or update your CocoaPods installation.\nEOM\n    exit 1\nfi\n";
			showEnvVarsInLog = 0;
		};
/* End PBXShellScriptBuildPhase section */

/* Begin PBXSourcesBuildPhase section */
		2832710619A18A0E00F47973 /* Sources */ = {
			isa = PBXSourcesBuildPhase;
			buildActionMask = 2147483647;
			files = (
				2832712419A18A0E00F47973 /* ViewController.m in Sources */,
				2832711E19A18A0E00F47973 /* AppDelegate.m in Sources */,
				2832711A19A18A0E00F47973 /* main.m in Sources */,
			);
			runOnlyForDeploymentPostprocessing = 0;
		};
		2832712719A18A0E00F47973 /* Sources */ = {
			isa = PBXSourcesBuildPhase;
			buildActionMask = 2147483647;
			files = (
				2832713919A18A0E00F47973 /* popAndLockTests.m in Sources */,
			);
			runOnlyForDeploymentPostprocessing = 0;
		};
/* End PBXSourcesBuildPhase section */

/* Begin PBXTargetDependency section */
		2832713119A18A0E00F47973 /* PBXTargetDependency */ = {
			isa = PBXTargetDependency;
			target = 2832710919A18A0E00F47973 /* popAndLock */;
			targetProxy = 2832713019A18A0E00F47973 /* PBXContainerItemProxy */;
		};
/* End PBXTargetDependency section */

/* Begin PBXVariantGroup section */
		2832711619A18A0E00F47973 /* InfoPlist.strings */ = {
			isa = PBXVariantGroup;
			children = (
				2832711719A18A0E00F47973 /* en */,
			);
			name = InfoPlist.strings;
			sourceTree = "<group>";
		};
		2832711F19A18A0E00F47973 /* Main.storyboard */ = {
			isa = PBXVariantGroup;
			children = (
				2832712019A18A0E00F47973 /* Base */,
			);
			name = Main.storyboard;
			sourceTree = "<group>";
		};
		2832713519A18A0E00F47973 /* InfoPlist.strings */ = {
			isa = PBXVariantGroup;
			children = (
				2832713619A18A0E00F47973 /* en */,
			);
			name = InfoPlist.strings;
			sourceTree = "<group>";
		};
/* End PBXVariantGroup section */

/* Begin XCBuildConfiguration section */
		2832713A19A18A0E00F47973 /* Debug */ = {
			isa = XCBuildConfiguration;
			buildSettings = {
				ALWAYS_SEARCH_USER_PATHS = NO;
				CLANG_CXX_LANGUAGE_STANDARD = "gnu++0x";
				CLANG_CXX_LIBRARY = "libc++";
				CLANG_ENABLE_MODULES = YES;
				CLANG_ENABLE_OBJC_ARC = YES;
				CLANG_WARN_BOOL_CONVERSION = YES;
				CLANG_WARN_CONSTANT_CONVERSION = YES;
				CLANG_WARN_DIRECT_OBJC_ISA_USAGE = YES_ERROR;
				CLANG_WARN_EMPTY_BODY = YES;
				CLANG_WARN_ENUM_CONVERSION = YES;
				CLANG_WARN_INT_CONVERSION = YES;
				CLANG_WARN_OBJC_ROOT_CLASS = YES_ERROR;
				CLANG_WARN__DUPLICATE_METHOD_MATCH = YES;
				"CODE_SIGN_IDENTITY[sdk=iphoneos*]" = "iPhone Developer";
				COPY_PHASE_STRIP = NO;
				GCC_C_LANGUAGE_STANDARD = gnu99;
				GCC_DYNAMIC_NO_PIC = NO;
				GCC_OPTIMIZATION_LEVEL = 0;
				GCC_PREPROCESSOR_DEFINITIONS = (
					"DEBUG=1",
					"$(inherited)",
				);
				GCC_SYMBOLS_PRIVATE_EXTERN = NO;
				GCC_WARN_64_TO_32_BIT_CONVERSION = YES;
				GCC_WARN_ABOUT_RETURN_TYPE = YES_ERROR;
				GCC_WARN_UNDECLARED_SELECTOR = YES;
				GCC_WARN_UNINITIALIZED_AUTOS = YES_AGGRESSIVE;
				GCC_WARN_UNUSED_FUNCTION = YES;
				GCC_WARN_UNUSED_VARIABLE = YES;
				IPHONEOS_DEPLOYMENT_TARGET = 7.1;
				ONLY_ACTIVE_ARCH = YES;
				SDKROOT = iphoneos;
			};
			name = Debug;
		};
		2832713B19A18A0E00F47973 /* Release */ = {
			isa = XCBuildConfiguration;
			buildSettings = {
				ALWAYS_SEARCH_USER_PATHS = NO;
				CLANG_CXX_LANGUAGE_STANDARD = "gnu++0x";
				CLANG_CXX_LIBRARY = "libc++";
				CLANG_ENABLE_MODULES = YES;
				CLANG_ENABLE_OBJC_ARC = YES;
				CLANG_WARN_BOOL_CONVERSION = YES;
				CLANG_WARN_CONSTANT_CONVERSION = YES;
				CLANG_WARN_DIRECT_OBJC_ISA_USAGE = YES_ERROR;
				CLANG_WARN_EMPTY_BODY = YES;
				CLANG_WARN_ENUM_CONVERSION = YES;
				CLANG_WARN_INT_CONVERSION = YES;
				CLANG_WARN_OBJC_ROOT_CLASS = YES_ERROR;
				CLANG_WARN__DUPLICATE_METHOD_MATCH = YES;
				"CODE_SIGN_IDENTITY[sdk=iphoneos*]" = "iPhone Developer";
				COPY_PHASE_STRIP = YES;
				ENABLE_NS_ASSERTIONS = NO;
				GCC_C_LANGUAGE_STANDARD = gnu99;
				GCC_WARN_64_TO_32_BIT_CONVERSION = YES;
				GCC_WARN_ABOUT_RETURN_TYPE = YES_ERROR;
				GCC_WARN_UNDECLARED_SELECTOR = YES;
				GCC_WARN_UNINITIALIZED_AUTOS = YES_AGGRESSIVE;
				GCC_WARN_UNUSED_FUNCTION = YES;
				GCC_WARN_UNUSED_VARIABLE = YES;
				IPHONEOS_DEPLOYMENT_TARGET = 7.1;
				SDKROOT = iphoneos;
				VALIDATE_PRODUCT = YES;
			};
			name = Release;
		};
		2832713D19A18A0E00F47973 /* Debug */ = {
			isa = XCBuildConfiguration;
			baseConfigurationReference = 0B8EDFB7070F4950B6FCB459 /* Pods.xcconfig */;
			buildSettings = {
				ASSETCATALOG_COMPILER_APPICON_NAME = AppIcon;
				ASSETCATALOG_COMPILER_LAUNCHIMAGE_NAME = LaunchImage;
				GCC_PRECOMPILE_PREFIX_HEADER = YES;
				GCC_PREFIX_HEADER = "popAndLock/popAndLock-Prefix.pch";
				INFOPLIST_FILE = "popAndLock/popAndLock-Info.plist";
				PRODUCT_NAME = "$(TARGET_NAME)";
				TARGETED_DEVICE_FAMILY = 1;
				WRAPPER_EXTENSION = app;
			};
			name = Debug;
		};
		2832713E19A18A0E00F47973 /* Release */ = {
			isa = XCBuildConfiguration;
			baseConfigurationReference = 0B8EDFB7070F4950B6FCB459 /* Pods.xcconfig */;
			buildSettings = {
				ASSETCATALOG_COMPILER_APPICON_NAME = AppIcon;
				ASSETCATALOG_COMPILER_LAUNCHIMAGE_NAME = LaunchImage;
				GCC_PRECOMPILE_PREFIX_HEADER = YES;
				GCC_PREFIX_HEADER = "popAndLock/popAndLock-Prefix.pch";
				INFOPLIST_FILE = "popAndLock/popAndLock-Info.plist";
				PRODUCT_NAME = "$(TARGET_NAME)";
				TARGETED_DEVICE_FAMILY = 1;
				WRAPPER_EXTENSION = app;
			};
			name = Release;
		};
		2832714019A18A0E00F47973 /* Debug */ = {
			isa = XCBuildConfiguration;
			buildSettings = {
				BUNDLE_LOADER = "$(BUILT_PRODUCTS_DIR)/popAndLock.app/popAndLock";
				FRAMEWORK_SEARCH_PATHS = (
					"$(SDKROOT)/Developer/Library/Frameworks",
					"$(inherited)",
					"$(DEVELOPER_FRAMEWORKS_DIR)",
				);
				GCC_PRECOMPILE_PREFIX_HEADER = YES;
				GCC_PREFIX_HEADER = "popAndLock/popAndLock-Prefix.pch";
				GCC_PREPROCESSOR_DEFINITIONS = (
					"DEBUG=1",
					"$(inherited)",
				);
				INFOPLIST_FILE = "popAndLockTests/popAndLockTests-Info.plist";
				PRODUCT_NAME = "$(TARGET_NAME)";
				TEST_HOST = "$(BUNDLE_LOADER)";
				WRAPPER_EXTENSION = xctest;
			};
			name = Debug;
		};
		2832714119A18A0E00F47973 /* Release */ = {
			isa = XCBuildConfiguration;
			buildSettings = {
				BUNDLE_LOADER = "$(BUILT_PRODUCTS_DIR)/popAndLock.app/popAndLock";
				FRAMEWORK_SEARCH_PATHS = (
					"$(SDKROOT)/Developer/Library/Frameworks",
					"$(inherited)",
					"$(DEVELOPER_FRAMEWORKS_DIR)",
				);
				GCC_PRECOMPILE_PREFIX_HEADER = YES;
				GCC_PREFIX_HEADER = "popAndLock/popAndLock-Prefix.pch";
				INFOPLIST_FILE = "popAndLockTests/popAndLockTests-Info.plist";
				PRODUCT_NAME = "$(TARGET_NAME)";
				TEST_HOST = "$(BUNDLE_LOADER)";
				WRAPPER_EXTENSION = xctest;
			};
			name = Release;
		};
/* End XCBuildConfiguration section */

/* Begin XCConfigurationList section */
		2832710519A18A0E00F47973 /* Build configuration list for PBXProject "popAndLock" */ = {
			isa = XCConfigurationList;
			buildConfigurations = (
				2832713A19A18A0E00F47973 /* Debug */,
				2832713B19A18A0E00F47973 /* Release */,
			);
			defaultConfigurationIsVisible = 0;
			defaultConfigurationName = Release;
		};
		2832713C19A18A0E00F47973 /* Build configuration list for PBXNativeTarget "popAndLock" */ = {
			isa = XCConfigurationList;
			buildConfigurations = (
				2832713D19A18A0E00F47973 /* Debug */,
				2832713E19A18A0E00F47973 /* Release */,
			);
			defaultConfigurationIsVisible = 0;
			defaultConfigurationName = Release;
		};
		2832713F19A18A0E00F47973 /* Build configuration list for PBXNativeTarget "popAndLockTests" */ = {
			isa = XCConfigurationList;
			buildConfigurations = (
				2832714019A18A0E00F47973 /* Debug */,
				2832714119A18A0E00F47973 /* Release */,
			);
			defaultConfigurationIsVisible = 0;
			defaultConfigurationName = Release;
		};
/* End XCConfigurationList section */
	};
	rootObject = 2832710219A18A0E00F47973 /* Project object */;
}
